// !$*UTF8*$!
{
	archiveVersion = 1;
	classes = {
	};
	objectVersion = 77;
	objects = {

/* Begin PBXBuildFile section */
		6956B75F2F346C5B00483C4F /* Adhan in Frameworks */ = {isa = PBXBuildFile; productRef = 6956B75E2F346C5B00483C4F /* Adhan */; };
		AA000002AA000002AA00000B /* SalahStreakWidget.appex in Embed App Extensions */ = {isa = PBXBuildFile; fileRef = AA000002AA000002AA000003 /* SalahStreakWidget.appex */; settings = {ATTRIBUTES = (Public, ); }; };
/* End PBXBuildFile section */

/* Begin PBXContainerItemProxy section */
		6957EB222F34622700AC8BF5 /* PBXContainerItemProxy */ = {
			isa = PBXContainerItemProxy;
			containerPortal = 6957EB082F34622600AC8BF5 /* Project object */;
			proxyType = 1;
			remoteGlobalIDString = 6957EB0F2F34622600AC8BF5;
			remoteInfo = SalahStreak;
		};
		6957EB2C2F34622700AC8BF5 /* PBXContainerItemProxy */ = {
			isa = PBXContainerItemProxy;
			containerPortal = 6957EB082F34622600AC8BF5 /* Project object */;
			proxyType = 1;
			remoteGlobalIDString = 6957EB0F2F34622600AC8BF5;
			remoteInfo = SalahStreak;
		};
/* End PBXContainerItemProxy section */

/* Begin PBXCopyFilesBuildPhase section */
		AA000002AA000002AA000008 /* Embed App Extensions */ = {
			isa = PBXCopyFilesBuildPhase;
			buildActionMask = 2147483647;
			dstPath = "";
			dstSubfolderSpec = 13;
			files = (
				AA000002AA000002AA00000B /* SalahStreakWidget.appex in Embed App Extensions */,
			);
			name = "Embed App Extensions";
			runOnlyForDeploymentPostprocessing = 0;
		};
/* End PBXCopyFilesBuildPhase section */

/* Begin PBXFileReference section */
		6957EB102F34622600AC8BF5 /* SalahStreak.app */ = {isa = PBXFileReference; explicitFileType = wrapper.application; includeInIndex = 0; path = SalahStreak.app; sourceTree = BUILT_PRODUCTS_DIR; };
		6957EB212F34622700AC8BF5 /* SalahStreakTests.xctest */ = {isa = PBXFileReference; explicitFileType = wrapper.cfbundle; includeInIndex = 0; path = SalahStreakTests.xctest; sourceTree = BUILT_PRODUCTS_DIR; };
		6957EB2B2F34622700AC8BF5 /* SalahStreakUITests.xctest */ = {isa = PBXFileReference; explicitFileType = wrapper.cfbundle; includeInIndex = 0; path = SalahStreakUITests.xctest; sourceTree = BUILT_PRODUCTS_DIR; };
		AA000002AA000002AA000003 /* SalahStreakWidget.appex */ = {isa = PBXFileReference; explicitFileType = "wrapper.app-extension"; includeInIndex = 0; path = SalahStreakWidget.appex; sourceTree = BUILT_PRODUCTS_DIR; };
/* End PBXFileReference section */

/* Begin PBXFileSystemSynchronizedBuildFileExceptionSet section */
		6956B7632F34EBDE00483C4F /* Exceptions for "SalahStreakWidget" folder in "SalahStreakWidget" target */ = {
			isa = PBXFileSystemSynchronizedBuildFileExceptionSet;
			membershipExceptions = (
				Info.plist,
			);
			target = AA000002AA000002AA000002 /* SalahStreakWidget */;
		};
		6957EB332F34622700AC8BF5 /* Exceptions for "SalahStreak" folder in "SalahStreak" target */ = {
			isa = PBXFileSystemSynchronizedBuildFileExceptionSet;
			membershipExceptions = (
				Info.plist,
			);
			target = 6957EB0F2F34622600AC8BF5 /* SalahStreak */;
		};
/* End PBXFileSystemSynchronizedBuildFileExceptionSet section */

/* Begin PBXFileSystemSynchronizedRootGroup section */
		6957EB122F34622600AC8BF5 /* SalahStreak */ = {
			isa = PBXFileSystemSynchronizedRootGroup;
			exceptions = (
				6957EB332F34622700AC8BF5 /* Exceptions for "SalahStreak" folder in "SalahStreak" target */,
			);
			path = SalahStreak;
			sourceTree = "<group>";
		};
		6957EB242F34622700AC8BF5 /* SalahStreakTests */ = {
			isa = PBXFileSystemSynchronizedRootGroup;
			path = SalahStreakTests;
			sourceTree = "<group>";
		};
		6957EB2E2F34622700AC8BF5 /* SalahStreakUITests */ = {
			isa = PBXFileSystemSynchronizedRootGroup;
			path = SalahStreakUITests;
			sourceTree = "<group>";
		};
		AA000002AA000002AA000004 /* SalahStreakWidget */ = {
			isa = PBXFileSystemSynchronizedRootGroup;
			exceptions = (
				6956B7632F34EBDE00483C4F /* Exceptions for "SalahStreakWidget" folder in "SalahStreakWidget" target */,
			);
			path = SalahStreakWidget;
			sourceTree = "<group>";
		};
/* End PBXFileSystemSynchronizedRootGroup section */

/* Begin PBXFrameworksBuildPhase section */
		6957EB0D2F34622600AC8BF5 /* Frameworks */ = {
			isa = PBXFrameworksBuildPhase;
			buildActionMask = 2147483647;
			files = (
				6956B75F2F346C5B00483C4F /* Adhan in Frameworks */,
			);
			runOnlyForDeploymentPostprocessing = 0;
		};
		6957EB1E2F34622700AC8BF5 /* Frameworks */ = {
			isa = PBXFrameworksBuildPhase;
			buildActionMask = 2147483647;
			files = (
			);
			runOnlyForDeploymentPostprocessing = 0;
		};
		6957EB282F34622700AC8BF5 /* Frameworks */ = {
			isa = PBXFrameworksBuildPhase;
			buildActionMask = 2147483647;
			files = (
			);
			runOnlyForDeploymentPostprocessing = 0;
		};
		AA000002AA000002AA000006 /* Frameworks */ = {
			isa = PBXFrameworksBuildPhase;
			buildActionMask = 2147483647;
			files = (
			);
			runOnlyForDeploymentPostprocessing = 0;
		};
/* End PBXFrameworksBuildPhase section */

/* Begin PBXGroup section */
		6957EB072F34622600AC8BF5 = {
			isa = PBXGroup;
			children = (
				6957EB122F34622600AC8BF5 /* SalahStreak */,
				AA000002AA000002AA000004 /* SalahStreakWidget */,
				6957EB242F34622700AC8BF5 /* SalahStreakTests */,
				6957EB2E2F34622700AC8BF5 /* SalahStreakUITests */,
				6957EB112F34622600AC8BF5 /* Products */,
			);
			sourceTree = "<group>";
		};
		6957EB112F34622600AC8BF5 /* Products */ = {
			isa = PBXGroup;
			children = (
				6957EB102F34622600AC8BF5 /* SalahStreak.app */,
				AA000002AA000002AA000003 /* SalahStreakWidget.appex */,
				6957EB212F34622700AC8BF5 /* SalahStreakTests.xctest */,
				6957EB2B2F34622700AC8BF5 /* SalahStreakUITests.xctest */,
			);
			name = Products;
			sourceTree = "<group>";
		};
/* End PBXGroup section */

/* Begin PBXNativeTarget section */
		6957EB0F2F34622600AC8BF5 /* SalahStreak */ = {
			isa = PBXNativeTarget;
			buildConfigurationList = 6957EB342F34622700AC8BF5 /* Build configuration list for PBXNativeTarget "SalahStreak" */;
			buildPhases = (
				6957EB0C2F34622600AC8BF5 /* Sources */,
				6957EB0D2F34622600AC8BF5 /* Frameworks */,
				6957EB0E2F34622600AC8BF5 /* Resources */,
				AA000002AA000002AA000008 /* Embed App Extensions */,
			);
			buildRules = (
			);
			dependencies = (
			);
			fileSystemSynchronizedGroups = (
				6957EB122F34622600AC8BF5 /* SalahStreak */,
			);
			name = SalahStreak;
			packageProductDependencies = (
				6956B75E2F346C5B00483C4F /* Adhan */,
			);
			productName = SalahStreak;
			productReference = 6957EB102F34622600AC8BF5 /* SalahStreak.app */;
			productType = "com.apple.product-type.application";
		};
		6957EB202F34622700AC8BF5 /* SalahStreakTests */ = {
			isa = PBXNativeTarget;
			buildConfigurationList = 6957EB392F34622700AC8BF5 /* Build configuration list for PBXNativeTarget "SalahStreakTests" */;
			buildPhases = (
				6957EB1D2F34622700AC8BF5 /* Sources */,
				6957EB1E2F34622700AC8BF5 /* Frameworks */,
				6957EB1F2F34622700AC8BF5 /* Resources */,
			);
			buildRules = (
			);
			dependencies = (
				6957EB232F34622700AC8BF5 /* PBXTargetDependency */,
			);
			fileSystemSynchronizedGroups = (
				6957EB242F34622700AC8BF5 /* SalahStreakTests */,
			);
			name = SalahStreakTests;
			packageProductDependencies = (
			);
			productName = SalahStreakTests;
			productReference = 6957EB212F34622700AC8BF5 /* SalahStreakTests.xctest */;
			productType = "com.apple.product-type.bundle.unit-test";
		};
		6957EB2A2F34622700AC8BF5 /* SalahStreakUITests */ = {
			isa = PBXNativeTarget;
			buildConfigurationList = 6957EB3C2F34622700AC8BF5 /* Build configuration list for PBXNativeTarget "SalahStreakUITests" */;
			buildPhases = (
				6957EB272F34622700AC8BF5 /* Sources */,
				6957EB282F34622700AC8BF5 /* Frameworks */,
				6957EB292F34622700AC8BF5 /* Resources */,
			);
			buildRules = (
			);
			dependencies = (
				6957EB2D2F34622700AC8BF5 /* PBXTargetDependency */,
			);
			fileSystemSynchronizedGroups = (
				6957EB2E2F34622700AC8BF5 /* SalahStreakUITests */,
			);
			name = SalahStreakUITests;
			packageProductDependencies = (
			);
			productName = SalahStreakUITests;
			productReference = 6957EB2B2F34622700AC8BF5 /* SalahStreakUITests.xctest */;
			productType = "com.apple.product-type.bundle.ui-testing";
		};
		AA000002AA000002AA000002 /* SalahStreakWidget */ = {
			isa = PBXNativeTarget;
			buildConfigurationList = AA000002AA000002AA000009 /* Build configuration list for PBXNativeTarget "SalahStreakWidget" */;
			buildPhases = (
				AA000002AA000002AA000007 /* Sources */,
				AA000002AA000002AA000006 /* Frameworks */,
				AA000002AA000002AA00000A /* Resources */,
			);
			buildRules = (
			);
			dependencies = (
			);
			fileSystemSynchronizedGroups = (
				AA000002AA000002AA000004 /* SalahStreakWidget */,
			);
			name = SalahStreakWidget;
			packageProductDependencies = (
			);
			productName = SalahStreakWidget;
			productReference = AA000002AA000002AA000003 /* SalahStreakWidget.appex */;
			productType = "com.apple.product-type.app-extension";
		};
/* End PBXNativeTarget section */

/* Begin PBXProject section */
		6957EB082F34622600AC8BF5 /* Project object */ = {
			isa = PBXProject;
			attributes = {
				BuildIndependentTargetsInParallel = 1;
				LastSwiftUpdateCheck = 2620;
				LastUpgradeCheck = 2620;
				TargetAttributes = {
					6957EB0F2F34622600AC8BF5 = {
						CreatedOnToolsVersion = 26.2;
					};
					6957EB202F34622700AC8BF5 = {
						CreatedOnToolsVersion = 26.2;
						TestTargetID = 6957EB0F2F34622600AC8BF5;
					};
					6957EB2A2F34622700AC8BF5 = {
						CreatedOnToolsVersion = 26.2;
						TestTargetID = 6957EB0F2F34622600AC8BF5;
					};
					AA000002AA000002AA000002 = {
						CreatedOnToolsVersion = 26.2;
					};
				};
			};
			buildConfigurationList = 6957EB0B2F34622600AC8BF5 /* Build configuration list for PBXProject "SalahStreak" */;
			developmentRegion = en;
			hasScannedForEncodings = 0;
			knownRegions = (
				en,
				Base,
			);
			mainGroup = 6957EB072F34622600AC8BF5;
			minimizedProjectReferenceProxies = 1;
			packageReferences = (
				6956B75D2F346C5B00483C4F /* XCRemoteSwiftPackageReference "adhan-swift" */,
			);
			preferredProjectObjectVersion = 77;
			productRefGroup = 6957EB112F34622600AC8BF5 /* Products */;
			projectDirPath = "";
			projectRoot = "";
			targets = (
				6957EB0F2F34622600AC8BF5 /* SalahStreak */,
				AA000002AA000002AA000002 /* SalahStreakWidget */,
				6957EB202F34622700AC8BF5 /* SalahStreakTests */,
				6957EB2A2F34622700AC8BF5 /* SalahStreakUITests */,
			);
		};
/* End PBXProject section */

/* Begin PBXResourcesBuildPhase section */
		6957EB0E2F34622600AC8BF5 /* Resources */ = {
			isa = PBXResourcesBuildPhase;
			buildActionMask = 2147483647;
			files = (
			);
			runOnlyForDeploymentPostprocessing = 0;
		};
		6957EB1F2F34622700AC8BF5 /* Resources */ = {
			isa = PBXResourcesBuildPhase;
			buildActionMask = 2147483647;
			files = (
			);
			runOnlyForDeploymentPostprocessing = 0;
		};
		6957EB292F34622700AC8BF5 /* Resources */ = {
			isa = PBXResourcesBuildPhase;
			buildActionMask = 2147483647;
			files = (
			);
			runOnlyForDeploymentPostprocessing = 0;
		};
		AA000002AA000002AA00000A /* Resources */ = {
			isa = PBXResourcesBuildPhase;
			buildActionMask = 2147483647;
			files = (
			);
			runOnlyForDeploymentPostprocessing = 0;
		};
/* End PBXResourcesBuildPhase section */

/* Begin PBXSourcesBuildPhase section */
		6957EB0C2F34622600AC8BF5 /* Sources */ = {
			isa = PBXSourcesBuildPhase;
			buildActionMask = 2147483647;
			files = (
			);
			runOnlyForDeploymentPostprocessing = 0;
		};
		6957EB1D2F34622700AC8BF5 /* Sources */ = {
			isa = PBXSourcesBuildPhase;
			buildActionMask = 2147483647;
			files = (
			);
			runOnlyForDeploymentPostprocessing = 0;
		};
		6957EB272F34622700AC8BF5 /* Sources */ = {
			isa = PBXSourcesBuildPhase;
			buildActionMask = 2147483647;
			files = (
			);
			runOnlyForDeploymentPostprocessing = 0;
		};
		AA000002AA000002AA000007 /* Sources */ = {
			isa = PBXSourcesBuildPhase;
			buildActionMask = 2147483647;
			files = (
			);
			runOnlyForDeploymentPostprocessing = 0;
		};
/* End PBXSourcesBuildPhase section */

/* Begin PBXTargetDependency section */
		6957EB232F34622700AC8BF5 /* PBXTargetDependency */ = {
			isa = PBXTargetDependency;
			target = 6957EB0F2F34622600AC8BF5 /* SalahStreak */;
			targetProxy = 6957EB222F34622700AC8BF5 /* PBXContainerItemProxy */;
		};
		6957EB2D2F34622700AC8BF5 /* PBXTargetDependency */ = {
			isa = PBXTargetDependency;
			target = 6957EB0F2F34622600AC8BF5 /* SalahStreak */;
			targetProxy = 6957EB2C2F34622700AC8BF5 /* PBXContainerItemProxy */;
		};
/* End PBXTargetDependency section */

/* Begin XCBuildConfiguration section */
		6957EB352F34622700AC8BF5 /* Debug */ = {
			isa = XCBuildConfiguration;
			buildSettings = {
				ASSETCATALOG_COMPILER_APPICON_NAME = AppIcon;
				ASSETCATALOG_COMPILER_GLOBAL_ACCENT_COLOR_NAME = AccentColor;
				CODE_SIGN_ENTITLEMENTS = SalahStreak/SalahStreak.entitlements;
				CODE_SIGN_IDENTITY = "Apple Development";
				CODE_SIGN_STYLE = Automatic;
				CURRENT_PROJECT_VERSION = 1;
				DEVELOPMENT_TEAM = AYEH6C5B8A;
				ENABLE_PREVIEWS = YES;
				GENERATE_INFOPLIST_FILE = YES;
				INFOPLIST_FILE = SalahStreak/Info.plist;
				INFOPLIST_KEY_NSLocationWhenInUseUsageDescription = "To identify where you live";
				INFOPLIST_KEY_UIApplicationSceneManifest_Generation = YES;
				INFOPLIST_KEY_UIApplicationSupportsIndirectInputEvents = YES;
				INFOPLIST_KEY_UILaunchScreen_Generation = YES;
				INFOPLIST_KEY_UISupportedInterfaceOrientations_iPad = "UIInterfaceOrientationPortrait UIInterfaceOrientationPortraitUpsideDown UIInterfaceOrientationLandscapeLeft UIInterfaceOrientationLandscapeRight";
				INFOPLIST_KEY_UISupportedInterfaceOrientations_iPhone = "UIInterfaceOrientationPortrait UIInterfaceOrientationLandscapeLeft UIInterfaceOrientationLandscapeRight";
				LD_RUNPATH_SEARCH_PATHS = (
					"$(inherited)",
					"@executable_path/Frameworks",
				);
				MARKETING_VERSION = 1.0;
				PRODUCT_BUNDLE_IDENTIFIER = com.danial.SalahStreak;
				PRODUCT_NAME = "$(TARGET_NAME)";
				PROVISIONING_PROFILE_SPECIFIER = "";
				STRING_CATALOG_GENERATE_SYMBOLS = YES;
				SWIFT_APPROACHABLE_CONCURRENCY = YES;
				SWIFT_DEFAULT_ACTOR_ISOLATION = MainActor;
				SWIFT_EMIT_LOC_STRINGS = YES;
				SWIFT_UPCOMING_FEATURE_MEMBER_IMPORT_VISIBILITY = YES;
				SWIFT_VERSION = 5.0;
				TARGETED_DEVICE_FAMILY = "1,2";
			};
			name = Debug;
		};
		6957EB362F34622700AC8BF5 /* Release */ = {
			isa = XCBuildConfiguration;
			buildSettings = {
				ASSETCATALOG_COMPILER_APPICON_NAME = AppIcon;
				ASSETCATALOG_COMPILER_GLOBAL_ACCENT_COLOR_NAME = AccentColor;
				CODE_SIGN_ENTITLEMENTS = SalahStreak/SalahStreak.entitlements;
				CODE_SIGN_IDENTITY = "Apple Development";
				CODE_SIGN_STYLE = Automatic;
				CURRENT_PROJECT_VERSION = 1;
				DEVELOPMENT_TEAM = AYEH6C5B8A;
				ENABLE_PREVIEWS = YES;
				GENERATE_INFOPLIST_FILE = YES;
				INFOPLIST_FILE = SalahStreak/Info.plist;
				INFOPLIST_KEY_NSLocationWhenInUseUsageDescription = "To identify where you live";
				INFOPLIST_KEY_UIApplicationSceneManifest_Generation = YES;
				INFOPLIST_KEY_UIApplicationSupportsIndirectInputEvents = YES;
				INFOPLIST_KEY_UILaunchScreen_Generation = YES;
				INFOPLIST_KEY_UISupportedInterfaceOrientations_iPad = "UIInterfaceOrientationPortrait UIInterfaceOrientationPortraitUpsideDown UIInterfaceOrientationLandscapeLeft UIInterfaceOrientationLandscapeRight";
				INFOPLIST_KEY_UISupportedInterfaceOrientations_iPhone = "UIInterfaceOrientationPortrait UIInterfaceOrientationLandscapeLeft UIInterfaceOrientationLandscapeRight";
				LD_RUNPATH_SEARCH_PATHS = (
					"$(inherited)",
					"@executable_path/Frameworks",
				);
				MARKETING_VERSION = 1.0;
				PRODUCT_BUNDLE_IDENTIFIER = com.danial.SalahStreak;
				PRODUCT_NAME = "$(TARGET_NAME)";
				PROVISIONING_PROFILE_SPECIFIER = "";
				STRING_CATALOG_GENERATE_SYMBOLS = YES;
				SWIFT_APPROACHABLE_CONCURRENCY = YES;
				SWIFT_DEFAULT_ACTOR_ISOLATION = MainActor;
				SWIFT_EMIT_LOC_STRINGS = YES;
				SWIFT_UPCOMING_FEATURE_MEMBER_IMPORT_VISIBILITY = YES;
				SWIFT_VERSION = 5.0;
				TARGETED_DEVICE_FAMILY = "1,2";
			};
			name = Release;
		};
		6957EB372F34622700AC8BF5 /* Debug */ = {
			isa = XCBuildConfiguration;
			buildSettings = {
				ALWAYS_SEARCH_USER_PATHS = NO;
				ASSETCATALOG_COMPILER_GENERATE_SWIFT_ASSET_SYMBOL_EXTENSIONS = YES;
				CLANG_ANALYZER_NONNULL = YES;
				CLANG_ANALYZER_NUMBER_OBJECT_CONVERSION = YES_AGGRESSIVE;
				CLANG_CXX_LANGUAGE_STANDARD = "gnu++20";
				CLANG_ENABLE_MODULES = YES;
				CLANG_ENABLE_OBJC_ARC = YES;
				CLANG_ENABLE_OBJC_WEAK = YES;
				CLANG_WARN_BLOCK_CAPTURE_AUTORELEASING = YES;
				CLANG_WARN_BOOL_CONVERSION = YES;
				CLANG_WARN_COMMA = YES;
				CLANG_WARN_CONSTANT_CONVERSION = YES;
				CLANG_WARN_DEPRECATED_OBJC_IMPLEMENTATIONS = YES;
				CLANG_WARN_DIRECT_OBJC_ISA_USAGE = YES_ERROR;
				CLANG_WARN_DOCUMENTATION_COMMENTS = YES;
				CLANG_WARN_EMPTY_BODY = YES;
				CLANG_WARN_ENUM_CONVERSION = YES;
				CLANG_WARN_INFINITE_RECURSION = YES;
				CLANG_WARN_INT_CONVERSION = YES;
				CLANG_WARN_NON_LITERAL_NULL_CONVERSION = YES;
				CLANG_WARN_OBJC_IMPLICIT_RETAIN_SELF = YES;
				CLANG_WARN_OBJC_LITERAL_CONVERSION = YES;
				CLANG_WARN_OBJC_ROOT_CLASS = YES_ERROR;
				CLANG_WARN_QUOTED_INCLUDE_IN_FRAMEWORK_HEADER = YES;
				CLANG_WARN_RANGE_LOOP_ANALYSIS = YES;
				CLANG_WARN_STRICT_PROTOTYPES = YES;
				CLANG_WARN_SUSPICIOUS_MOVE = YES;
				CLANG_WARN_UNGUARDED_AVAILABILITY = YES_AGGRESSIVE;
				CLANG_WARN_UNREACHABLE_CODE = YES;
				CLANG_WARN__DUPLICATE_METHOD_MATCH = YES;
				COPY_PHASE_STRIP = NO;
				DEBUG_INFORMATION_FORMAT = dwarf;
				DEVELOPMENT_TEAM = AYEH6C5B8A;
				ENABLE_STRICT_OBJC_MSGSEND = YES;
				ENABLE_TESTABILITY = YES;
				ENABLE_USER_SCRIPT_SANDBOXING = YES;
				GCC_C_LANGUAGE_STANDARD = gnu17;
				GCC_DYNAMIC_NO_PIC = NO;
				GCC_NO_COMMON_BLOCKS = YES;
				GCC_OPTIMIZATION_LEVEL = 0;
				GCC_PREPROCESSOR_DEFINITIONS = (
					"DEBUG=1",
					"$(inherited)",
				);
				GCC_WARN_64_TO_32_BIT_CONVERSION = YES;
				GCC_WARN_ABOUT_RETURN_TYPE = YES_ERROR;
				GCC_WARN_UNDECLARED_SELECTOR = YES;
				GCC_WARN_UNINITIALIZED_AUTOS = YES_AGGRESSIVE;
				GCC_WARN_UNUSED_FUNCTION = YES;
				GCC_WARN_UNUSED_VARIABLE = YES;
				IPHONEOS_DEPLOYMENT_TARGET = 26.2;
				LOCALIZATION_PREFERS_STRING_CATALOGS = YES;
				MTL_ENABLE_DEBUG_INFO = INCLUDE_SOURCE;
				MTL_FAST_MATH = YES;
				ONLY_ACTIVE_ARCH = YES;
				SDKROOT = iphoneos;
				SWIFT_ACTIVE_COMPILATION_CONDITIONS = "DEBUG $(inherited)";
				SWIFT_OPTIMIZATION_LEVEL = "-Onone";
			};
			name = Debug;
		};
		6957EB382F34622700AC8BF5 /* Release */ = {
			isa = XCBuildConfiguration;
			buildSettings = {
				ALWAYS_SEARCH_USER_PATHS = NO;
				ASSETCATALOG_COMPILER_GENERATE_SWIFT_ASSET_SYMBOL_EXTENSIONS = YES;
				CLANG_ANALYZER_NONNULL = YES;
				CLANG_ANALYZER_NUMBER_OBJECT_CONVERSION = YES_AGGRESSIVE;
				CLANG_CXX_LANGUAGE_STANDARD = "gnu++20";
				CLANG_ENABLE_MODULES = YES;
				CLANG_ENABLE_OBJC_ARC = YES;
				CLANG_ENABLE_OBJC_WEAK = YES;
				CLANG_WARN_BLOCK_CAPTURE_AUTORELEASING = YES;
				CLANG_WARN_BOOL_CONVERSION = YES;
				CLANG_WARN_COMMA = YES;
				CLANG_WARN_CONSTANT_CONVERSION = YES;
				CLANG_WARN_DEPRECATED_OBJC_IMPLEMENTATIONS = YES;
				CLANG_WARN_DIRECT_OBJC_ISA_USAGE = YES_ERROR;
				CLANG_WARN_DOCUMENTATION_COMMENTS = YES;
				CLANG_WARN_EMPTY_BODY = YES;
				CLANG_WARN_ENUM_CONVERSION = YES;
				CLANG_WARN_INFINITE_RECURSION = YES;
				CLANG_WARN_INT_CONVERSION = YES;
				CLANG_WARN_NON_LITERAL_NULL_CONVERSION = YES;
				CLANG_WARN_OBJC_IMPLICIT_RETAIN_SELF = YES;
				CLANG_WARN_OBJC_LITERAL_CONVERSION = YES;
				CLANG_WARN_OBJC_ROOT_CLASS = YES_ERROR;
				CLANG_WARN_QUOTED_INCLUDE_IN_FRAMEWORK_HEADER = YES;
				CLANG_WARN_RANGE_LOOP_ANALYSIS = YES;
				CLANG_WARN_STRICT_PROTOTYPES = YES;
				CLANG_WARN_SUSPICIOUS_MOVE = YES;
				CLANG_WARN_UNGUARDED_AVAILABILITY = YES_AGGRESSIVE;
				CLANG_WARN_UNREACHABLE_CODE = YES;
				CLANG_WARN__DUPLICATE_METHOD_MATCH = YES;
				COPY_PHASE_STRIP = NO;
				DEBUG_INFORMATION_FORMAT = "dwarf-with-dsym";
				DEVELOPMENT_TEAM = AYEH6C5B8A;
				ENABLE_NS_ASSERTIONS = NO;
				ENABLE_STRICT_OBJC_MSGSEND = YES;
				ENABLE_USER_SCRIPT_SANDBOXING = YES;
				GCC_C_LANGUAGE_STANDARD = gnu17;
				GCC_NO_COMMON_BLOCKS = YES;
				GCC_WARN_64_TO_32_BIT_CONVERSION = YES;
				GCC_WARN_ABOUT_RETURN_TYPE = YES_ERROR;
				GCC_WARN_UNDECLARED_SELECTOR = YES;
				GCC_WARN_UNINITIALIZED_AUTOS = YES_AGGRESSIVE;
				GCC_WARN_UNUSED_FUNCTION = YES;
				GCC_WARN_UNUSED_VARIABLE = YES;
				IPHONEOS_DEPLOYMENT_TARGET = 26.2;
				LOCALIZATION_PREFERS_STRING_CATALOGS = YES;
				MTL_ENABLE_DEBUG_INFO = NO;
				MTL_FAST_MATH = YES;
				SDKROOT = iphoneos;
				SWIFT_COMPILATION_MODE = wholemodule;
				VALIDATE_PRODUCT = YES;
			};
			name = Release;
		};
		6957EB3A2F34622700AC8BF5 /* Debug */ = {
			isa = XCBuildConfiguration;
			buildSettings = {
				BUNDLE_LOADER = "$(TEST_HOST)";
				CODE_SIGN_STYLE = Automatic;
				CURRENT_PROJECT_VERSION = 1;
				DEVELOPMENT_TEAM = AYEH6C5B8A;
				GENERATE_INFOPLIST_FILE = YES;
				IPHONEOS_DEPLOYMENT_TARGET = 26.2;
				MARKETING_VERSION = 1.0;
				PRODUCT_BUNDLE_IDENTIFIER = com.danial.SalahStreakTests;
				PRODUCT_NAME = "$(TARGET_NAME)";
				STRING_CATALOG_GENERATE_SYMBOLS = NO;
				SWIFT_APPROACHABLE_CONCURRENCY = YES;
				SWIFT_EMIT_LOC_STRINGS = NO;
				SWIFT_UPCOMING_FEATURE_MEMBER_IMPORT_VISIBILITY = YES;
				SWIFT_VERSION = 5.0;
				TARGETED_DEVICE_FAMILY = "1,2";
				TEST_HOST = "$(BUILT_PRODUCTS_DIR)/SalahStreak.app/$(BUNDLE_EXECUTABLE_FOLDER_PATH)/SalahStreak";
			};
			name = Debug;
		};
		6957EB3B2F34622700AC8BF5 /* Release */ = {
			isa = XCBuildConfiguration;
			buildSettings = {
				BUNDLE_LOADER = "$(TEST_HOST)";
				CODE_SIGN_STYLE = Automatic;
				CURRENT_PROJECT_VERSION = 1;
				DEVELOPMENT_TEAM = AYEH6C5B8A;
				GENERATE_INFOPLIST_FILE = YES;
				IPHONEOS_DEPLOYMENT_TARGET = 26.2;
				MARKETING_VERSION = 1.0;
				PRODUCT_BUNDLE_IDENTIFIER = com.danial.SalahStreakTests;
				PRODUCT_NAME = "$(TARGET_NAME)";
				STRING_CATALOG_GENERATE_SYMBOLS = NO;
				SWIFT_APPROACHABLE_CONCURRENCY = YES;
				SWIFT_EMIT_LOC_STRINGS = NO;
				SWIFT_UPCOMING_FEATURE_MEMBER_IMPORT_VISIBILITY = YES;
				SWIFT_VERSION = 5.0;
				TARGETED_DEVICE_FAMILY = "1,2";
				TEST_HOST = "$(BUILT_PRODUCTS_DIR)/SalahStreak.app/$(BUNDLE_EXECUTABLE_FOLDER_PATH)/SalahStreak";
			};
			name = Release;
		};
		6957EB3D2F34622700AC8BF5 /* Debug */ = {
			isa = XCBuildConfiguration;
			buildSettings = {
				CODE_SIGN_STYLE = Automatic;
				CURRENT_PROJECT_VERSION = 1;
				DEVELOPMENT_TEAM = AYEH6C5B8A;
				GENERATE_INFOPLIST_FILE = YES;
				MARKETING_VERSION = 1.0;
				PRODUCT_BUNDLE_IDENTIFIER = com.danial.SalahStreakUITests;
				PRODUCT_NAME = "$(TARGET_NAME)";
				STRING_CATALOG_GENERATE_SYMBOLS = NO;
				SWIFT_APPROACHABLE_CONCURRENCY = YES;
				SWIFT_EMIT_LOC_STRINGS = NO;
				SWIFT_UPCOMING_FEATURE_MEMBER_IMPORT_VISIBILITY = YES;
				SWIFT_VERSION = 5.0;
				TARGETED_DEVICE_FAMILY = "1,2";
				TEST_TARGET_NAME = SalahStreak;
			};
			name = Debug;
		};
		6957EB3E2F34622700AC8BF5 /* Release */ = {
			isa = XCBuildConfiguration;
			buildSettings = {
				CODE_SIGN_STYLE = Automatic;
				CURRENT_PROJECT_VERSION = 1;
				DEVELOPMENT_TEAM = AYEH6C5B8A;
				GENERATE_INFOPLIST_FILE = YES;
				MARKETING_VERSION = 1.0;
				PRODUCT_BUNDLE_IDENTIFIER = com.danial.SalahStreakUITests;
				PRODUCT_NAME = "$(TARGET_NAME)";
				STRING_CATALOG_GENERATE_SYMBOLS = NO;
				SWIFT_APPROACHABLE_CONCURRENCY = YES;
				SWIFT_EMIT_LOC_STRINGS = NO;
				SWIFT_UPCOMING_FEATURE_MEMBER_IMPORT_VISIBILITY = YES;
				SWIFT_VERSION = 5.0;
				TARGETED_DEVICE_FAMILY = "1,2";
				TEST_TARGET_NAME = SalahStreak;
			};
			name = Release;
		};
		AA000002AA000002AA00000C /* Debug */ = {
			isa = XCBuildConfiguration;
			buildSettings = {
				CODE_SIGN_ENTITLEMENTS = SalahStreakWidget/SalahStreakWidget.entitlements;
				CODE_SIGN_STYLE = Automatic;
				CURRENT_PROJECT_VERSION = 1;
				DEVELOPMENT_TEAM = AYEH6C5B8A;
				GENERATE_INFOPLIST_FILE = YES;
				INFOPLIST_FILE = SalahStreakWidget/Info.plist;
				IPHONEOS_DEPLOYMENT_TARGET = 26.2;
				MARKETING_VERSION = 1.0;
				PRODUCT_BUNDLE_IDENTIFIER = com.danial.SalahStreak.widget;
				PRODUCT_NAME = "$(TARGET_NAME)";
				STRING_CATALOG_GENERATE_SYMBOLS = YES;
				SWIFT_APPROACHABLE_CONCURRENCY = YES;
				SWIFT_DEFAULT_ACTOR_ISOLATION = MainActor;
				SWIFT_EMIT_LOC_STRINGS = YES;
				SWIFT_UPCOMING_FEATURE_MEMBER_IMPORT_VISIBILITY = YES;
				SWIFT_VERSION = 5.0;
				TARGETED_DEVICE_FAMILY = "1,2";
			};
			name = Debug;
		};
		AA000002AA000002AA00000D /* Release */ = {
			isa = XCBuildConfiguration;
			buildSettings = {
				CODE_SIGN_ENTITLEMENTS = SalahStreakWidget/SalahStreakWidget.entitlements;
				CODE_SIGN_STYLE = Automatic;
				CURRENT_PROJECT_VERSION = 1;
				DEVELOPMENT_TEAM = AYEH6C5B8A;
				GENERATE_INFOPLIST_FILE = YES;
				INFOPLIST_FILE = SalahStreakWidget/Info.plist;
				IPHONEOS_DEPLOYMENT_TARGET = 26.2;
				MARKETING_VERSION = 1.0;
				PRODUCT_BUNDLE_IDENTIFIER = com.danial.SalahStreak.widget;
				PRODUCT_NAME = "$(TARGET_NAME)";
				STRING_CATALOG_GENERATE_SYMBOLS = YES;
				SWIFT_APPROACHABLE_CONCURRENCY = YES;
				SWIFT_DEFAULT_ACTOR_ISOLATION = MainActor;
				SWIFT_EMIT_LOC_STRINGS = YES;
				SWIFT_UPCOMING_FEATURE_MEMBER_IMPORT_VISIBILITY = YES;
				SWIFT_VERSION = 5.0;
				TARGETED_DEVICE_FAMILY = "1,2";
			};
			name = Release;
		};
/* End XCBuildConfiguration section */

/* Begin XCConfigurationList section */
		6957EB0B2F34622600AC8BF5 /* Build configuration list for PBXProject "SalahStreak" */ = {
			isa = XCConfigurationList;
			buildConfigurations = (
				6957EB372F34622700AC8BF5 /* Debug */,
				6957EB382F34622700AC8BF5 /* Release */,
			);
			defaultConfigurationIsVisible = 0;
			defaultConfigurationName = Release;
		};
		6957EB342F34622700AC8BF5 /* Build configuration list for PBXNativeTarget "SalahStreak" */ = {
			isa = XCConfigurationList;
			buildConfigurations = (
				6957EB352F34622700AC8BF5 /* Debug */,
				6957EB362F34622700AC8BF5 /* Release */,
			);
			defaultConfigurationIsVisible = 0;
			defaultConfigurationName = Release;
		};
		6957EB392F34622700AC8BF5 /* Build configuration list for PBXNativeTarget "SalahStreakTests" */ = {
			isa = XCConfigurationList;
			buildConfigurations = (
				6957EB3A2F34622700AC8BF5 /* Debug */,
				6957EB3B2F34622700AC8BF5 /* Release */,
			);
			defaultConfigurationIsVisible = 0;
			defaultConfigurationName = Release;
		};
		6957EB3C2F34622700AC8BF5 /* Build configuration list for PBXNativeTarget "SalahStreakUITests" */ = {
			isa = XCConfigurationList;
			buildConfigurations = (
				6957EB3D2F34622700AC8BF5 /* Debug */,
				6957EB3E2F34622700AC8BF5 /* Release */,
			);
			defaultConfigurationIsVisible = 0;
			defaultConfigurationName = Release;
		};
		AA000002AA000002AA000009 /* Build configuration list for PBXNativeTarget "SalahStreakWidget" */ = {
			isa = XCConfigurationList;
			buildConfigurations = (
				AA000002AA000002AA00000C /* Debug */,
				AA000002AA000002AA00000D /* Release */,
			);
			defaultConfigurationIsVisible = 0;
			defaultConfigurationName = Release;
		};
/* End XCConfigurationList section */

/* Begin XCRemoteSwiftPackageReference section */
		6956B75D2F346C5B00483C4F /* XCRemoteSwiftPackageReference "adhan-swift" */ = {
			isa = XCRemoteSwiftPackageReference;
			repositoryURL = "https://github.com/batoulapps/adhan-swift";
			requirement = {
				kind = upToNextMajorVersion;
				minimumVersion = 1.4.0;
			};
		};
/* End XCRemoteSwiftPackageReference section */

/* Begin XCSwiftPackageProductDependency section */
		6956B75E2F346C5B00483C4F /* Adhan */ = {
			isa = XCSwiftPackageProductDependency;
			package = 6956B75D2F346C5B00483C4F /* XCRemoteSwiftPackageReference "adhan-swift" */;
			productName = Adhan;
		};
/* End XCSwiftPackageProductDependency section */
	};
	rootObject = 6957EB082F34622600AC8BF5 /* Project object */;
}
